
Microsoft Visual Studio Solution File, Format Version 12.00
# Visual Studio Version 17
VisualStudioVersion = 17.4.33213.308
MinimumVisualStudioVersion = 10.0.40219.1
Project("{FAE04EC0-301F-11D3-BF4B-00C04F79EFBC}") = "COMP003A.Assignment07", "COMP003A.Assignment07\COMP003A.Assignment07.csproj", "{46D61E0C-1C26-451E-AF0C-026E2D0328C9}"
EndProject
Global
	GlobalSection(SolutionConfigurationPlatforms) = preSolution
		Debug|Any CPU = Debug|Any CPU
		Release|Any CPU = Release|Any CPU
	EndGlobalSection
	GlobalSection(ProjectConfigurationPlatforms) = postSolution
		{46D61E0C-1C26-451E-AF0C-026E2D0328C9}.Debug|Any CPU.ActiveCfg = Debug|Any CPU
		{46D61E0C-1C26-451E-AF0C-026E2D0328C9}.Debug|Any CPU.Build.0 = Debug|Any CPU
		{46D61E0C-1C26-451E-AF0C-026E2D0328C9}.Release|Any CPU.ActiveCfg = Release|Any CPU
		{46D61E0C-1C26-451E-AF0C-026E2D0328C9}.Release|Any CPU.Build.0 = Release|Any CPU
	EndGlobalSection
	GlobalSection(SolutionProperties) = preSolution
		HideSolutionNode = FALSE
	EndGlobalSection
	GlobalSection(ExtensibilityGlobals) = postSolution
		SolutionGuid = {5A35429D-9396-498B-987E-555A394E0216}
	EndGlobalSection
EndGlobal
